# THIS IS AN AUTOGENERATED FILE. DO NOT EDIT THIS FILE DIRECTLY.
# yarn lockfile v1


"@toast-ui/vue-editor@^1.1.1":
  version "1.1.1"
  resolved "https://registry.yarnpkg.com/@toast-ui/vue-editor/-/vue-editor-1.1.1.tgz#ee116ab9564c2b2f0b9b61c9aeb003cd61ac6f49"
  integrity sha512-M1O6ecY+ptHSol7ltN5JxJzqVAPlLMrc5UiNyQmwAauVJwUmsyvA69rIcGfS3q3MzeiDYqspDsEwryVjNcXXqA==
  dependencies:
    tui-editor "^1.3.0"

"@types/codemirror@0.0.71":
  version "0.0.71"
  resolved "https://registry.yarnpkg.com/@types/codemirror/-/codemirror-0.0.71.tgz#861f1bcb3100c0a064567c5400f2981cf4ae8ca7"
  integrity sha512-b2oEEnno1LIGKMR7uBEsr40al1UijF1HEpRn0+Yf1xOLl24iQgB7DBpZVMM7y54G5wCNoclDrRO65E6KHPNO2w==
  dependencies:
    "@types/tern" "*"

"@types/estree@*":
  version "0.0.39"
  resolved "https://registry.yarnpkg.com/@types/estree/-/estree-0.0.39.tgz#e177e699ee1b8c22d23174caaa7422644389509f"
  integrity sha512-EYNwp3bU+98cpU4lAWYYL7Zz+2gryWH1qbdDTidVd6hkiR6weksdbMadyXKXNPEkQFhXM+hVO9ZygomHXp+AIw==

"@types/jquery@^3.3.29":
  version "3.3.31"
  resolved "https://registry.yarnpkg.com/@types/jquery/-/jquery-3.3.31.tgz#27c706e4bf488474e1cb54a71d8303f37c93451b"
  integrity sha512-Lz4BAJihoFw5nRzKvg4nawXPzutkv7wmfQ5121avptaSIXlDNJCUuxZxX/G+9EVidZGuO0UBlk+YjKbwRKJigg==
  dependencies:
    "@types/sizzle" "*"

"@types/linkify-it@*":
  version "2.1.0"
  resolved "https://registry.yarnpkg.com/@types/linkify-it/-/linkify-it-2.1.0.tgz#ea3dd64c4805597311790b61e872cbd1ed2cd806"
  integrity sha512-Q7DYAOi9O/+cLLhdaSvKdaumWyHbm7HAk/bFwwyTuU0arR5yyCeW5GOoqt4tJTpDRxhpx9Q8kQL6vMpuw9hDSw==

"@types/markdown-it@0.0.7":
  version "0.0.7"
  resolved "https://registry.yarnpkg.com/@types/markdown-it/-/markdown-it-0.0.7.tgz#75070485a3d8ad11e7deb8287f4430be15bf4d39"
  integrity sha512-WyL6pa76ollQFQNEaLVa41ZUUvDvPY+qAUmlsphnrpL6I9p1m868b26FyeoOmo7X3/Ta/S9WKXcEYXUSHnxoVQ==
  dependencies:
    "@types/linkify-it" "*"

"@types/sizzle@*":
  version "2.3.2"
  resolved "https://registry.yarnpkg.com/@types/sizzle/-/sizzle-2.3.2.tgz#a811b8c18e2babab7d542b3365887ae2e4d9de47"
  integrity sha512-7EJYyKTL7tFR8+gDbB6Wwz/arpGa0Mywk1TJbNzKzHtzbwVmY4HR9WqS5VV7dsBUKQmPNr192jHr/VpBluj/hg==

"@types/tern@*":
  version "0.23.3"
  resolved "https://registry.yarnpkg.com/@types/tern/-/tern-0.23.3.tgz#4b54538f04a88c9ff79de1f6f94f575a7f339460"
  integrity sha512-imDtS4TAoTcXk0g7u4kkWqedB3E4qpjXzCpD2LU5M5NAXHzCDsypyvXSaG7mM8DKYkCRa7tFp4tS/lp/Wo7Q3w==
  dependencies:
    "@types/estree" "*"

argparse@^1.0.7:
  version "1.0.10"
  resolved "https://registry.yarnpkg.com/argparse/-/argparse-1.0.10.tgz#bcd6791ea5ae09725e17e5ad988134cd40b3d911"
  integrity sha512-o5Roy6tNG4SL/FOkCAN6RzjiakZS25RLYFrcMttJqbdd8BWrnA+fGz57iN5Pb06pvBGvl5gQ0B48dJlslXvoTg==
  dependencies:
    sprintf-js "~1.0.2"

babel-polyfill@^6.26.0:
  version "6.26.0"
  resolved "https://registry.yarnpkg.com/babel-polyfill/-/babel-polyfill-6.26.0.tgz#379937abc67d7895970adc621f284cd966cf2153"
  integrity sha1-N5k3q8Z9eJWXCtxiHyhM2WbPIVM=
  dependencies:
    babel-runtime "^6.26.0"
    core-js "^2.5.0"
    regenerator-runtime "^0.10.5"

babel-runtime@^6.26.0:
  version "6.26.0"
  resolved "https://registry.yarnpkg.com/babel-runtime/-/babel-runtime-6.26.0.tgz#965c7058668e82b55d7bfe04ff2337bc8b5647fe"
  integrity sha1-llxwWGaOgrVde/4E/yM3vItWR/4=
  dependencies:
    core-js "^2.4.0"
    regenerator-runtime "^0.11.0"

codemirror@^5.33.0:
  version "5.48.2"
  resolved "https://registry.yarnpkg.com/codemirror/-/codemirror-5.48.2.tgz#a9dd3d426dea4cd59efd59cd98e20a9152a30922"
  integrity sha512-i9VsmC8AfA5ji6EDIZ+aoSe4vt9FcwPLdHB1k1ItFbVyuOFRrcfvnoKqwZlC7EVA2UmTRiNEypE4Uo7YvzVY8Q==

core-js@^2.4.0, core-js@^2.5.0:
  version "2.6.9"
  resolved "https://registry.yarnpkg.com/core-js/-/core-js-2.6.9.tgz#6b4b214620c834152e179323727fc19741b084f2"
  integrity sha512-HOpZf6eXmnl7la+cUdMnLvUxKNqLUzJvgIziQ0DiF3JwSImNphIqdGqzj6hIKyX04MmV0poclQ7+wjWvxQyR2A==

entities@~1.1.1:
  version "1.1.2"
  resolved "https://registry.yarnpkg.com/entities/-/entities-1.1.2.tgz#bdfa735299664dfafd34529ed4f8522a275fea56"
  integrity sha512-f2LZMYl1Fzu7YSBKg+RoROelpOaNrcGmE9AZubeDfrCEia483oW4MI4VyFd5VNHIgQ/7qm1I0wUHK1eJnn2y2w==

"eve@git://github.com/adobe-webplatform/eve.git#eef80ed":
  version "0.4.1"
  resolved "git://github.com/adobe-webplatform/eve.git#eef80ed8d188423c2272746fb8ae5cc8dad84cb1"

highlight.js@^9.12.0:
  version "9.15.9"
  resolved "https://registry.yarnpkg.com/highlight.js/-/highlight.js-9.15.9.tgz#865257da1dbb4a58c4552d46c4b3854f77f0e6d5"
  integrity sha512-M0zZvfLr5p0keDMCAhNBp03XJbKBxUx5AfyfufMdFMEP4N/Xj6dh0IqC75ys7BAzceR34NgcvXjupRVaHBPPVQ==

jquery@^3.3.1:
  version "3.5.0"
  resolved "https://registry.yarnpkg.com/jquery/-/jquery-3.5.0.tgz#9980b97d9e4194611c36530e7dc46a58d7340fc9"
  integrity sha512-Xb7SVYMvygPxbFMpTFQiHh1J7HClEaThguL15N/Gg37Lri/qKyhRGZYzHRyLH8Stq3Aow0LsHO2O2ci86fCrNQ==

linkify-it@^2.0.0:
  version "2.2.0"
  resolved "https://registry.yarnpkg.com/linkify-it/-/linkify-it-2.2.0.tgz#e3b54697e78bf915c70a38acd78fd09e0058b1cf"
  integrity sha512-GnAl/knGn+i1U/wjBz3akz2stz+HrHLsxMwHQGofCDfPvlf+gDKN58UtfmUquTY4/MXeE2x7k19KQmeoZi94Iw==
  dependencies:
    uc.micro "^1.0.1"

markdown-it@^8.4.0:
  version "8.4.2"
  resolved "https://registry.yarnpkg.com/markdown-it/-/markdown-it-8.4.2.tgz#386f98998dc15a37722aa7722084f4020bdd9b54"
  integrity sha512-GcRz3AWTqSUphY3vsUqQSFMbgR38a4Lh3GWlHRh/7MRwz8mcu9n2IO7HOh+bXHrR9kOPDl5RNCaEsrneb+xhHQ==
  dependencies:
    argparse "^1.0.7"
    entities "~1.1.1"
    linkify-it "^2.0.0"
    mdurl "^1.0.1"
    uc.micro "^1.0.5"

mdurl@^1.0.1:
  version "1.0.1"
  resolved "https://registry.yarnpkg.com/mdurl/-/mdurl-1.0.1.tgz#fe85b2ec75a59037f2adfec100fd6c601761152e"
  integrity sha1-/oWy7HWlkDfyrf7BAP1sYBdhFS4=

plantuml-encoder@^1.2.5:
  version "1.4.0"
  resolved "https://registry.yarnpkg.com/plantuml-encoder/-/plantuml-encoder-1.4.0.tgz#7899302cf785de956bf1a167e15420feee5975f7"
  integrity sha512-sxMwpDw/ySY1WB2CE3+IdMuEcWibJ72DDOsXLkSmEaSzwEUaYBT6DWgOfBiHGCux4q433X6+OEFWjlVqp7gL6g==

"raphael@https://github.com/nhn/raphael.git#2.2.0-c":
  version "2.2.0-c"
  resolved "https://github.com/nhn/raphael.git#78a6ed3ec269f33b6457b0ec66f8c3d1f2ed70e0"
  dependencies:
    eve "git://github.com/adobe-webplatform/eve.git#eef80ed"

regenerator-runtime@^0.10.5:
  version "0.10.5"
  resolved "https://registry.yarnpkg.com/regenerator-runtime/-/regenerator-runtime-0.10.5.tgz#336c3efc1220adcedda2c9fab67b5a7955a33658"
  integrity sha1-M2w+/BIgrc7dosn6tntaeVWjNlg=

regenerator-runtime@^0.11.0:
  version "0.11.1"
  resolved "https://registry.yarnpkg.com/regenerator-runtime/-/regenerator-runtime-0.11.1.tgz#be05ad7f9bf7d22e056f9726cee5017fbf19e2e9"
  integrity sha512-MguG95oij0fC3QV3URf4V2SDYGJhJnJGqvIIgdECeODCT98wSWDAJ94SSuVpYQUoTcGUIL6L4yNB7j1DFFHSBg==

resize-observer-polyfill@^1.5.0:
  version "1.5.1"
  resolved "https://registry.yarnpkg.com/resize-observer-polyfill/-/resize-observer-polyfill-1.5.1.tgz#0e9020dd3d21024458d4ebd27e23e40269810464"
  integrity sha512-LwZrotdHOo12nQuZlHEmtuXdqGoOD0OhaxopaNFxWzInpEgaLWoVuAMbTzixuosCx2nEG58ngzW3vxdWoxIgdg==

sprintf-js@~1.0.2:
  version "1.0.3"
  resolved "https://registry.yarnpkg.com/sprintf-js/-/sprintf-js-1.0.3.tgz#04e6926f662895354f3dd015203633b857297e2c"
  integrity sha1-BOaSb2YolTVPPdAVIDYzuFcpfiw=

"squire-rte@github:seonim-ryu/Squire#10a470c9dfd07cfb37b06dedc581526b061975e1":
  version "1.9.0"
  resolved "https://codeload.github.com/seonim-ryu/Squire/tar.gz/10a470c9dfd07cfb37b06dedc581526b061975e1"

to-mark@^1.1.7:
  version "1.1.7"
  resolved "https://registry.yarnpkg.com/to-mark/-/to-mark-1.1.7.tgz#3e425a0a22a812c2d938e9ccfbf985f5856a1c79"
  integrity sha512-TX/m+pH6LFhsuLYHZ4YeqZnHzbGAanWgPatgKzJWw8/NEV3AW2rwDlJh6EXeTmE8ezPT/e9sHI6kyiFHz32rLQ==

tui-chart@^3.7.0:
  version "3.7.0"
  resolved "https://registry.yarnpkg.com/tui-chart/-/tui-chart-3.7.0.tgz#5cb98e7aac3e0430e901e8a22ea972f3fb5172ce"
  integrity sha512-twrXxK1oqYvcvmPnULPjLdVRyvza3Ab8078HWR0UbTxuXnS8RIliRZY7FbUC1L8Ii9yvWeX3US4OGCSd0iBuJQ==
  dependencies:
    babel-polyfill "^6.26.0"
    raphael "https://github.com/nhn/raphael.git#2.2.0-c"
    tui-code-snippet "^1.5.0"

tui-code-snippet@^1.5.0:
  version "1.5.2"
  resolved "https://registry.yarnpkg.com/tui-code-snippet/-/tui-code-snippet-1.5.2.tgz#f4b8f0f1ac996b0b5b621f77c9507af19a0de238"
  integrity sha512-6UqTlQaaC1KLcmC0HAoq5dtl1G4Fib+R+NC7pmaV7kiIlZ7JqKhUmnOoGRcreAyzd81UTK/vCvhrw9QJskpCFQ==

tui-color-picker@^2.2.1:
  version "2.2.3"
  resolved "https://registry.yarnpkg.com/tui-color-picker/-/tui-color-picker-2.2.3.tgz#81737e3507aa0790947c3c5cad0acada5caf883b"
  integrity sha512-TI93kidjl9NMFIJV2RZvHtR093PdvJxNgwnC2L7mWe/SwFAv4rfVOSIYgkYR9hs7+cvUETGmBHvW2Kz60Nzd1g==
  dependencies:
    tui-code-snippet "^1.5.0"

tui-editor@^1.3.0:
  version "1.4.5"
  resolved "https://registry.yarnpkg.com/tui-editor/-/tui-editor-1.4.5.tgz#8f21debcdff51f705d50373b6dd7b8aaaf3d70ff"
  integrity sha512-CTZW2lHsq3ZhHBWA2GM5dpKTmYhhDoUyhh1MsiOQiFkj8gOhiI42Z9Q8VT0cmC5hXG0rhkQfRWQ8w0rGvrLvEg==
  dependencies:
    "@types/codemirror" "0.0.71"
    "@types/jquery" "^3.3.29"
    "@types/markdown-it" "0.0.7"
    codemirror "^5.33.0"
    highlight.js "^9.12.0"
    jquery "^3.3.1"
    markdown-it "^8.4.0"
    plantuml-encoder "^1.2.5"
    resize-observer-polyfill "^1.5.0"
    squire-rte "github:seonim-ryu/Squire#10a470c9dfd07cfb37b06dedc581526b061975e1"
    to-mark "^1.1.7"
    tui-chart "^3.7.0"
    tui-code-snippet "^1.5.0"
    tui-color-picker "^2.2.1"

uc.micro@^1.0.1, uc.micro@^1.0.5:
  version "1.0.6"
  resolved "https://registry.yarnpkg.com/uc.micro/-/uc.micro-1.0.6.tgz#9c411a802a409a91fc6cf74081baba34b24499ac"
  integrity sha512-8Y75pvTYkLJW2hWQHXxoqRgV7qb9B+9vFEtidML+7koHUFapnVJAZ6cKs+Qjz5Aw3aZWHMC6u0wJE3At+nSGwA==
